{
  "version": 2,
  "dependencies": {
    "net10.0": {
      "storagehub.contracts": {
        "type": "Project"
      },
      "storagehub.ipc": {
        "type": "Project",
        "dependencies": {
          "StorageHub.Contracts": "[1.4.6, )"
        }
      }
    },
    "net10.0/linux-x64": {},
    "net10.0/win-x64": {}
  }
}